// !$*UTF8*$!
{
	archiveVersion = 1;
	classes = {
	};
	objectVersion = 50;
	objects = {

/* Begin PBXBuildFile section */
		8A3BD2112748983200F92C2C /* AppDelegate.swift in Sources */ = {isa = PBXBuildFile; fileRef = 8A3BD2102748983200F92C2C /* AppDelegate.swift */; };
		8A3BD2132748983200F92C2C /* SceneDelegate.swift in Sources */ = {isa = PBXBuildFile; fileRef = 8A3BD2122748983200F92C2C /* SceneDelegate.swift */; };
		8A3BD2152748983200F92C2C /* ViewController.swift in Sources */ = {isa = PBXBuildFile; fileRef = 8A3BD2142748983200F92C2C /* ViewController.swift */; };
		8A3BD2182748983200F92C2C /* Main.storyboard in Resources */ = {isa = PBXBuildFile; fileRef = 8A3BD2162748983200F92C2C /* Main.storyboard */; };
		8A3BD21A2748983400F92C2C /* Assets.xcassets in Resources */ = {isa = PBXBuildFile; fileRef = 8A3BD2192748983400F92C2C /* Assets.xcassets */; };
		8A3BD21D2748983400F92C2C /* LaunchScreen.storyboard in Resources */ = {isa = PBXBuildFile; fileRef = 8A3BD21B2748983400F92C2C /* LaunchScreen.storyboard */; };
		8A3BD2282748983400F92C2C /* masterdataTests.swift in Sources */ = {isa = PBXBuildFile; fileRef = 8A3BD2272748983400F92C2C /* masterdataTests.swift */; };
		8A3BD2332748983400F92C2C /* masterdataUITests.swift in Sources */ = {isa = PBXBuildFile; fileRef = 8A3BD2322748983400F92C2C /* masterdataUITests.swift */; };
/* End PBXBuildFile section */

/* Begin PBXContainerItemProxy section */
		8A3BD2242748983400F92C2C /* PBXContainerItemProxy */ = {
			isa = PBXContainerItemProxy;
			containerPortal = 8A3BD2052748983200F92C2C /* Project object */;
			proxyType = 1;
			remoteGlobalIDString = 8A3BD20C2748983200F92C2C;
			remoteInfo = masterdata;
		};
		8A3BD22F2748983400F92C2C /* PBXContainerItemProxy */ = {
			isa = PBXContainerItemProxy;
			containerPortal = 8A3BD2052748983200F92C2C /* Project object */;
			proxyType = 1;
			remoteGlobalIDString = 8A3BD20C2748983200F92C2C;
			remoteInfo = masterdata;
		};
/* End PBXContainerItemProxy section */

/* Begin PBXFileReference section */
		8A3BD20D2748983200F92C2C /* masterdata.app */ = {isa = PBXFileReference; explicitFileType = wrapper.application; includeInIndex = 0; path = masterdata.app; sourceTree = BUILT_PRODUCTS_DIR; };
		8A3BD2102748983200F92C2C /* AppDelegate.swift */ = {isa = PBXFileReference; lastKnownFileType = sourcecode.swift; path = AppDelegate.swift; sourceTree = "<group>"; };
		8A3BD2122748983200F92C2C /* SceneDelegate.swift */ = {isa = PBXFileReference; lastKnownFileType = sourcecode.swift; path = SceneDelegate.swift; sourceTree = "<group>"; };
		8A3BD2142748983200F92C2C /* ViewController.swift */ = {isa = PBXFileReference; lastKnownFileType = sourcecode.swift; path = ViewController.swift; sourceTree = "<group>"; };
		8A3BD2172748983200F92C2C /* Base */ = {isa = PBXFileReference; lastKnownFileType = file.storyboard; name = Base; path = Base.lproj/Main.storyboard; sourceTree = "<group>"; };
		8A3BD2192748983400F92C2C /* Assets.xcassets */ = {isa = PBXFileReference; lastKnownFileType = folder.assetcatalog; path = Assets.xcassets; sourceTree = "<group>"; };
		8A3BD21C2748983400F92C2C /* Base */ = {isa = PBXFileReference; lastKnownFileType = file.storyboard; name = Base; path = Base.lproj/LaunchScreen.storyboard; sourceTree = "<group>"; };
		8A3BD21E2748983400F92C2C /* Info.plist */ = {isa = PBXFileReference; lastKnownFileType = text.plist.xml; path = Info.plist; sourceTree = "<group>"; };
		8A3BD2232748983400F92C2C /* masterdataTests.xctest */ = {isa = PBXFileReference; explicitFileType = wrapper.cfbundle; includeInIndex = 0; path = masterdataTests.xctest; sourceTree = BUILT_PRODUCTS_DIR; };
		8A3BD2272748983400F92C2C /* masterdataTests.swift */ = {isa = PBXFileReference; lastKnownFileType = sourcecode.swift; path = masterdataTests.swift; sourceTree = "<group>"; };
		8A3BD2292748983400F92C2C /* Info.plist */ = {isa = PBXFileReference; lastKnownFileType = text.plist.xml; path = Info.plist; sourceTree = "<group>"; };
		8A3BD22E2748983400F92C2C /* masterdataUITests.xctest */ = {isa = PBXFileReference; explicitFileType = wrapper.cfbundle; includeInIndex = 0; path = masterdataUITests.xctest; sourceTree = BUILT_PRODUCTS_DIR; };
		8A3BD2322748983400F92C2C /* masterdataUITests.swift */ = {isa = PBXFileReference; lastKnownFileType = sourcecode.swift; path = masterdataUITests.swift; sourceTree = "<group>"; };
		8A3BD2342748983400F92C2C /* Info.plist */ = {isa = PBXFileReference; lastKnownFileType = text.plist.xml; path = Info.plist; sourceTree = "<group>"; };
/* End PBXFileReference section */

/* Begin PBXFrameworksBuildPhase section */
		8A3BD20A2748983200F92C2C /* Frameworks */ = {
			isa = PBXFrameworksBuildPhase;
			buildActionMask = 2147483647;
			files = (
			);
			runOnlyForDeploymentPostprocessing = 0;
		};
		8A3BD2202748983400F92C2C /* Frameworks */ = {
			isa = PBXFrameworksBuildPhase;
			buildActionMask = 2147483647;
			files = (
			);
			runOnlyForDeploymentPostprocessing = 0;
		};
		8A3BD22B2748983400F92C2C /* Frameworks */ = {
			isa = PBXFrameworksBuildPhase;
			buildActionMask = 2147483647;
			files = (
			);
			runOnlyForDeploymentPostprocessing = 0;
		};
/* End PBXFrameworksBuildPhase section */

/* Begin PBXGroup section */
		8A3BD2042748983200F92C2C = {
			isa = PBXGroup;
			children = (
				8A3BD20F2748983200F92C2C /* masterdata */,
				8A3BD2262748983400F92C2C /* masterdataTests */,
				8A3BD2312748983400F92C2C /* masterdataUITests */,
				8A3BD20E2748983200F92C2C /* Products */,
			);
			sourceTree = "<group>";
		};
		8A3BD20E2748983200F92C2C /* Products */ = {
			isa = PBXGroup;
			children = (
				8A3BD20D2748983200F92C2C /* masterdata.app */,
				8A3BD2232748983400F92C2C /* masterdataTests.xctest */,
				8A3BD22E2748983400F92C2C /* masterdataUITests.xctest */,
			);
			name = Products;
			sourceTree = "<group>";
		};
		8A3BD20F2748983200F92C2C /* masterdata */ = {
			isa = PBXGroup;
			children = (
				8A3BD2102748983200F92C2C /* AppDelegate.swift */,
				8A3BD2122748983200F92C2C /* SceneDelegate.swift */,
				8A3BD2142748983200F92C2C /* ViewController.swift */,
				8A3BD2162748983200F92C2C /* Main.storyboard */,
				8A3BD2192748983400F92C2C /* Assets.xcassets */,
				8A3BD21B2748983400F92C2C /* LaunchScreen.storyboard */,
				8A3BD21E2748983400F92C2C /* Info.plist */,
			);
			path = masterdata;
			sourceTree = "<group>";
		};
		8A3BD2262748983400F92C2C /* masterdataTests */ = {
			isa = PBXGroup;
			children = (
				8A3BD2272748983400F92C2C /* masterdataTests.swift */,
				8A3BD2292748983400F92C2C /* Info.plist */,
			);
			path = masterdataTests;
			sourceTree = "<group>";
		};
		8A3BD2312748983400F92C2C /* masterdataUITests */ = {
			isa = PBXGroup;
			children = (
				8A3BD2322748983400F92C2C /* masterdataUITests.swift */,
				8A3BD2342748983400F92C2C /* Info.plist */,
			);
			path = masterdataUITests;
			sourceTree = "<group>";
		};
/* End PBXGroup section */

/* Begin PBXNativeTarget section */
		8A3BD20C2748983200F92C2C /* masterdata */ = {
			isa = PBXNativeTarget;
			buildConfigurationList = 8A3BD2372748983400F92C2C /* Build configuration list for PBXNativeTarget "masterdata" */;
			buildPhases = (
				8A3BD2092748983200F92C2C /* Sources */,
				8A3BD20A2748983200F92C2C /* Frameworks */,
				8A3BD20B2748983200F92C2C /* Resources */,
			);
			buildRules = (
			);
			dependencies = (
			);
			name = masterdata;
			productName = masterdata;
			productReference = 8A3BD20D2748983200F92C2C /* masterdata.app */;
			productType = "com.apple.product-type.application";
		};
		8A3BD2222748983400F92C2C /* masterdataTests */ = {
			isa = PBXNativeTarget;
			buildConfigurationList = 8A3BD23A2748983400F92C2C /* Build configuration list for PBXNativeTarget "masterdataTests" */;
			buildPhases = (
				8A3BD21F2748983400F92C2C /* Sources */,
				8A3BD2202748983400F92C2C /* Frameworks */,
				8A3BD2212748983400F92C2C /* Resources */,
			);
			buildRules = (
			);
			dependencies = (
				8A3BD2252748983400F92C2C /* PBXTargetDependency */,
			);
			name = masterdataTests;
			productName = masterdataTests;
			productReference = 8A3BD2232748983400F92C2C /* masterdataTests.xctest */;
			productType = "com.apple.product-type.bundle.unit-test";
		};
		8A3BD22D2748983400F92C2C /* masterdataUITests */ = {
			isa = PBXNativeTarget;
			buildConfigurationList = 8A3BD23D2748983400F92C2C /* Build configuration list for PBXNativeTarget "masterdataUITests" */;
			buildPhases = (
				8A3BD22A2748983400F92C2C /* Sources */,
				8A3BD22B2748983400F92C2C /* Frameworks */,
				8A3BD22C2748983400F92C2C /* Resources */,
			);
			buildRules = (
			);
			dependencies = (
				8A3BD2302748983400F92C2C /* PBXTargetDependency */,
			);
			name = masterdataUITests;
			productName = masterdataUITests;
			productReference = 8A3BD22E2748983400F92C2C /* masterdataUITests.xctest */;
			productType = "com.apple.product-type.bundle.ui-testing";
		};
/* End PBXNativeTarget section */

/* Begin PBXProject section */
		8A3BD2052748983200F92C2C /* Project object */ = {
			isa = PBXProject;
			attributes = {
				LastSwiftUpdateCheck = 1250;
				LastUpgradeCheck = 1250;
				TargetAttributes = {
					8A3BD20C2748983200F92C2C = {
						CreatedOnToolsVersion = 12.5.1;
					};
					8A3BD2222748983400F92C2C = {
						CreatedOnToolsVersion = 12.5.1;
						TestTargetID = 8A3BD20C2748983200F92C2C;
					};
					8A3BD22D2748983400F92C2C = {
						CreatedOnToolsVersion = 12.5.1;
						TestTargetID = 8A3BD20C2748983200F92C2C;
					};
				};
			};
			buildConfigurationList = 8A3BD2082748983200F92C2C /* Build configuration list for PBXProject "masterdata" */;
			compatibilityVersion = "Xcode 9.3";
			developmentRegion = en;
			hasScannedForEncodings = 0;
			knownRegions = (
				en,
				Base,
			);
			mainGroup = 8A3BD2042748983200F92C2C;
			productRefGroup = 8A3BD20E2748983200F92C2C /* Products */;
			projectDirPath = "";
			projectRoot = "";
			targets = (
				8A3BD20C2748983200F92C2C /* masterdata */,
				8A3BD2222748983400F92C2C /* masterdataTests */,
				8A3BD22D2748983400F92C2C /* masterdataUITests */,
			);
		};
/* End PBXProject section */

/* Begin PBXResourcesBuildPhase section */
		8A3BD20B2748983200F92C2C /* Resources */ = {
			isa = PBXResourcesBuildPhase;
			buildActionMask = 2147483647;
			files = (
				8A3BD21D2748983400F92C2C /* LaunchScreen.storyboard in Resources */,
				8A3BD21A2748983400F92C2C /* Assets.xcassets in Resources */,
				8A3BD2182748983200F92C2C /* Main.storyboard in Resources */,
			);
			runOnlyForDeploymentPostprocessing = 0;
		};
		8A3BD2212748983400F92C2C /* Resources */ = {
			isa = PBXResourcesBuildPhase;
			buildActionMask = 2147483647;
			files = (
			);
			runOnlyForDeploymentPostprocessing = 0;
		};
		8A3BD22C2748983400F92C2C /* Resources */ = {
			isa = PBXResourcesBuildPhase;
			buildActionMask = 2147483647;
			files = (
			);
			runOnlyForDeploymentPostprocessing = 0;
		};
/* End PBXResourcesBuildPhase section */

/* Begin PBXSourcesBuildPhase section */
		8A3BD2092748983200F92C2C /* Sources */ = {
			isa = PBXSourcesBuildPhase;
			buildActionMask = 2147483647;
			files = (
				8A3BD2152748983200F92C2C /* ViewController.swift in Sources */,
				8A3BD2112748983200F92C2C /* AppDelegate.swift in Sources */,
				8A3BD2132748983200F92C2C /* SceneDelegate.swift in Sources */,
			);
			runOnlyForDeploymentPostprocessing = 0;
		};
		8A3BD21F2748983400F92C2C /* Sources */ = {
			isa = PBXSourcesBuildPhase;
			buildActionMask = 2147483647;
			files = (
				8A3BD2282748983400F92C2C /* masterdataTests.swift in Sources */,
			);
			runOnlyForDeploymentPostprocessing = 0;
		};
		8A3BD22A2748983400F92C2C /* Sources */ = {
			isa = PBXSourcesBuildPhase;
			buildActionMask = 2147483647;
			files = (
				8A3BD2332748983400F92C2C /* masterdataUITests.swift in Sources */,
			);
			runOnlyForDeploymentPostprocessing = 0;
		};
/* End PBXSourcesBuildPhase section */

/* Begin PBXTargetDependency section */
		8A3BD2252748983400F92C2C /* PBXTargetDependency */ = {
			isa = PBXTargetDependency;
			target = 8A3BD20C2748983200F92C2C /* masterdata */;
			targetProxy = 8A3BD2242748983400F92C2C /* PBXContainerItemProxy */;
		};
		8A3BD2302748983400F92C2C /* PBXTargetDependency */ = {
			isa = PBXTargetDependency;
			target = 8A3BD20C2748983200F92C2C /* masterdata */;
			targetProxy = 8A3BD22F2748983400F92C2C /* PBXContainerItemProxy */;
		};
/* End PBXTargetDependency section */

/* Begin PBXVariantGroup section */
		8A3BD2162748983200F92C2C /* Main.storyboard */ = {
			isa = PBXVariantGroup;
			children = (
				8A3BD2172748983200F92C2C /* Base */,
			);
			name = Main.storyboard;
			sourceTree = "<group>";
		};
		8A3BD21B2748983400F92C2C /* LaunchScreen.storyboard */ = {
			isa = PBXVariantGroup;
			children = (
				8A3BD21C2748983400F92C2C /* Base */,
			);
			name = LaunchScreen.storyboard;
			sourceTree = "<group>";
		};
/* End PBXVariantGroup section */

/* Begin XCBuildConfiguration section */
		8A3BD2352748983400F92C2C /* Debug */ = {
			isa = XCBuildConfiguration;
			buildSettings = {
				ALWAYS_SEARCH_USER_PATHS = NO;
				CLANG_ANALYZER_NONNULL = YES;
				CLANG_ANALYZER_NUMBER_OBJECT_CONVERSION = YES_AGGRESSIVE;
				CLANG_CXX_LANGUAGE_STANDARD = "gnu++14";
				CLANG_CXX_LIBRARY = "libc++";
				CLANG_ENABLE_MODULES = YES;
				CLANG_ENABLE_OBJC_ARC = YES;
				CLANG_ENABLE_OBJC_WEAK = YES;
				CLANG_WARN_BLOCK_CAPTURE_AUTORELEASING = YES;
				CLANG_WARN_BOOL_CONVERSION = YES;
				CLANG_WARN_COMMA = YES;
				CLANG_WARN_CONSTANT_CONVERSION = YES;
				CLANG_WARN_DEPRECATED_OBJC_IMPLEMENTATIONS = YES;
				CLANG_WARN_DIRECT_OBJC_ISA_USAGE = YES_ERROR;
				CLANG_WARN_DOCUMENTATION_COMMENTS = YES;
				CLANG_WARN_EMPTY_BODY = YES;
				CLANG_WARN_ENUM_CONVERSION = YES;
				CLANG_WARN_INFINITE_RECURSION = YES;
				CLANG_WARN_INT_CONVERSION = YES;
				CLANG_WARN_NON_LITERAL_NULL_CONVERSION = YES;
				CLANG_WARN_OBJC_IMPLICIT_RETAIN_SELF = YES;
				CLANG_WARN_OBJC_LITERAL_CONVERSION = YES;
				CLANG_WARN_OBJC_ROOT_CLASS = YES_ERROR;
				CLANG_WARN_QUOTED_INCLUDE_IN_FRAMEWORK_HEADER = YES;
				CLANG_WARN_RANGE_LOOP_ANALYSIS = YES;
				CLANG_WARN_STRICT_PROTOTYPES = YES;
				CLANG_WARN_SUSPICIOUS_MOVE = YES;
				CLANG_WARN_UNGUARDED_AVAILABILITY = YES_AGGRESSIVE;
				CLANG_WARN_UNREACHABLE_CODE = YES;
				CLANG_WARN__DUPLICATE_METHOD_MATCH = YES;
				COPY_PHASE_STRIP = NO;
				DEBUG_INFORMATION_FORMAT = dwarf;
				ENABLE_STRICT_OBJC_MSGSEND = YES;
				ENABLE_TESTABILITY = YES;
				GCC_C_LANGUAGE_STANDARD = gnu11;
				GCC_DYNAMIC_NO_PIC = NO;
				GCC_NO_COMMON_BLOCKS = YES;
				GCC_OPTIMIZATION_LEVEL = 0;
				GCC_PREPROCESSOR_DEFINITIONS = (
					"DEBUG=1",
					"$(inherited)",
				);
				GCC_WARN_64_TO_32_BIT_CONVERSION = YES;
				GCC_WARN_ABOUT_RETURN_TYPE = YES_ERROR;
				GCC_WARN_UNDECLARED_SELECTOR = YES;
				GCC_WARN_UNINITIALIZED_AUTOS = YES_AGGRESSIVE;
				GCC_WARN_UNUSED_FUNCTION = YES;
				GCC_WARN_UNUSED_VARIABLE = YES;
				IPHONEOS_DEPLOYMENT_TARGET = 14.5;
				MTL_ENABLE_DEBUG_INFO = INCLUDE_SOURCE;
				MTL_FAST_MATH = YES;
				ONLY_ACTIVE_ARCH = YES;
				SDKROOT = iphoneos;
				SWIFT_ACTIVE_COMPILATION_CONDITIONS = DEBUG;
				SWIFT_OPTIMIZATION_LEVEL = "-Onone";
			};
			name = Debug;
		};
		8A3BD2362748983400F92C2C /* Release */ = {
			isa = XCBuildConfiguration;
			buildSettings = {
				ALWAYS_SEARCH_USER_PATHS = NO;
				CLANG_ANALYZER_NONNULL = YES;
				CLANG_ANALYZER_NUMBER_OBJECT_CONVERSION = YES_AGGRESSIVE;
				CLANG_CXX_LANGUAGE_STANDARD = "gnu++14";
				CLANG_CXX_LIBRARY = "libc++";
				CLANG_ENABLE_MODULES = YES;
				CLANG_ENABLE_OBJC_ARC = YES;
				CLANG_ENABLE_OBJC_WEAK = YES;
				CLANG_WARN_BLOCK_CAPTURE_AUTORELEASING = YES;
				CLANG_WARN_BOOL_CONVERSION = YES;
				CLANG_WARN_COMMA = YES;
				CLANG_WARN_CONSTANT_CONVERSION = YES;
				CLANG_WARN_DEPRECATED_OBJC_IMPLEMENTATIONS = YES;
				CLANG_WARN_DIRECT_OBJC_ISA_USAGE = YES_ERROR;
				CLANG_WARN_DOCUMENTATION_COMMENTS = YES;
				CLANG_WARN_EMPTY_BODY = YES;
				CLANG_WARN_ENUM_CONVERSION = YES;
				CLANG_WARN_INFINITE_RECURSION = YES;
				CLANG_WARN_INT_CONVERSION = YES;
				CLANG_WARN_NON_LITERAL_NULL_CONVERSION = YES;
				CLANG_WARN_OBJC_IMPLICIT_RETAIN_SELF = YES;
				CLANG_WARN_OBJC_LITERAL_CONVERSION = YES;
				CLANG_WARN_OBJC_ROOT_CLASS = YES_ERROR;
				CLANG_WARN_QUOTED_INCLUDE_IN_FRAMEWORK_HEADER = YES;
				CLANG_WARN_RANGE_LOOP_ANALYSIS = YES;
				CLANG_WARN_STRICT_PROTOTYPES = YES;
				CLANG_WARN_SUSPICIOUS_MOVE = YES;
				CLANG_WARN_UNGUARDED_AVAILABILITY = YES_AGGRESSIVE;
				CLANG_WARN_UNREACHABLE_CODE = YES;
				CLANG_WARN__DUPLICATE_METHOD_MATCH = YES;
				COPY_PHASE_STRIP = NO;
				DEBUG_INFORMATION_FORMAT = "dwarf-with-dsym";
				ENABLE_NS_ASSERTIONS = NO;
				ENABLE_STRICT_OBJC_MSGSEND = YES;
				GCC_C_LANGUAGE_STANDARD = gnu11;
				GCC_NO_COMMON_BLOCKS = YES;
				GCC_WARN_64_TO_32_BIT_CONVERSION = YES;
				GCC_WARN_ABOUT_RETURN_TYPE = YES_ERROR;
				GCC_WARN_UNDECLARED_SELECTOR = YES;
				GCC_WARN_UNINITIALIZED_AUTOS = YES_AGGRESSIVE;
				GCC_WARN_UNUSED_FUNCTION = YES;
				GCC_WARN_UNUSED_VARIABLE = YES;
				IPHONEOS_DEPLOYMENT_TARGET = 14.5;
				MTL_ENABLE_DEBUG_INFO = NO;
				MTL_FAST_MATH = YES;
				SDKROOT = iphoneos;
				SWIFT_COMPILATION_MODE = wholemodule;
				SWIFT_OPTIMIZATION_LEVEL = "-O";
				VALIDATE_PRODUCT = YES;
			};
			name = Release;
		};
		8A3BD2382748983400F92C2C /* Debug */ = {
			isa = XCBuildConfiguration;
			buildSettings = {
				ASSETCATALOG_COMPILER_APPICON_NAME = AppIcon;
				ASSETCATALOG_COMPILER_GLOBAL_ACCENT_COLOR_NAME = AccentColor;
				CODE_SIGN_STYLE = Automatic;
				DEVELOPMENT_TEAM = 63X5QBAPTE;
				INFOPLIST_FILE = masterdata/Info.plist;
				LD_RUNPATH_SEARCH_PATHS = (
					"$(inherited)",
					"@executable_path/Frameworks",
				);
				PRODUCT_BUNDLE_IDENTIFIER = com.tomas.masterdata;
				PRODUCT_NAME = "$(TARGET_NAME)";
				SWIFT_VERSION = 5.0;
				TARGETED_DEVICE_FAMILY = "1,2";
			};
			name = Debug;
		};
		8A3BD2392748983400F92C2C /* Release */ = {
			isa = XCBuildConfiguration;
			buildSettings = {
				ASSETCATALOG_COMPILER_APPICON_NAME = AppIcon;
				ASSETCATALOG_COMPILER_GLOBAL_ACCENT_COLOR_NAME = AccentColor;
				CODE_SIGN_STYLE = Automatic;
				DEVELOPMENT_TEAM = 63X5QBAPTE;
				INFOPLIST_FILE = masterdata/Info.plist;
				LD_RUNPATH_SEARCH_PATHS = (
					"$(inherited)",
					"@executable_path/Frameworks",
				);
				PRODUCT_BUNDLE_IDENTIFIER = com.tomas.masterdata;
				PRODUCT_NAME = "$(TARGET_NAME)";
				SWIFT_VERSION = 5.0;
				TARGETED_DEVICE_FAMILY = "1,2";
			};
			name = Release;
		};
		8A3BD23B2748983400F92C2C /* Debug */ = {
			isa = XCBuildConfiguration;
			buildSettings = {
				ALWAYS_EMBED_SWIFT_STANDARD_LIBRARIES = YES;
				BUNDLE_LOADER = "$(TEST_HOST)";
				CODE_SIGN_STYLE = Automatic;
				DEVELOPMENT_TEAM = 63X5QBAPTE;
				INFOPLIST_FILE = masterdataTests/Info.plist;
				IPHONEOS_DEPLOYMENT_TARGET = 14.5;
				LD_RUNPATH_SEARCH_PATHS = (
					"$(inherited)",
					"@executable_path/Frameworks",
					"@loader_path/Frameworks",
				);
				PRODUCT_BUNDLE_IDENTIFIER = com.tomas.masterdataTests;
				PRODUCT_NAME = "$(TARGET_NAME)";
				SWIFT_VERSION = 5.0;
				TARGETED_DEVICE_FAMILY = "1,2";
				TEST_HOST = "$(BUILT_PRODUCTS_DIR)/masterdata.app/masterdata";
			};
			name = Debug;
		};
		8A3BD23C2748983400F92C2C /* Release */ = {
			isa = XCBuildConfiguration;
			buildSettings = {
				ALWAYS_EMBED_SWIFT_STANDARD_LIBRARIES = YES;
				BUNDLE_LOADER = "$(TEST_HOST)";
				CODE_SIGN_STYLE = Automatic;
				DEVELOPMENT_TEAM = 63X5QBAPTE;
				INFOPLIST_FILE = masterdataTests/Info.plist;
				IPHONEOS_DEPLOYMENT_TARGET = 14.5;
				LD_RUNPATH_SEARCH_PATHS = (
					"$(inherited)",
					"@executable_path/Frameworks",
					"@loader_path/Frameworks",
				);
				PRODUCT_BUNDLE_IDENTIFIER = com.tomas.masterdataTests;
				PRODUCT_NAME = "$(TARGET_NAME)";
				SWIFT_VERSION = 5.0;
				TARGETED_DEVICE_FAMILY = "1,2";
				TEST_HOST = "$(BUILT_PRODUCTS_DIR)/masterdata.app/masterdata";
			};
			name = Release;
		};
		8A3BD23E2748983400F92C2C /* Debug */ = {
			isa = XCBuildConfiguration;
			buildSettings = {
				ALWAYS_EMBED_SWIFT_STANDARD_LIBRARIES = YES;
				CODE_SIGN_STYLE = Automatic;
				DEVELOPMENT_TEAM = 63X5QBAPTE;
				INFOPLIST_FILE = masterdataUITests/Info.plist;
				LD_RUNPATH_SEARCH_PATHS = (
					"$(inherited)",
					"@executable_path/Frameworks",
					"@loader_path/Frameworks",
				);
				PRODUCT_BUNDLE_IDENTIFIER = com.tomas.masterdataUITests;
				PRODUCT_NAME = "$(TARGET_NAME)";
				SWIFT_VERSION = 5.0;
				TARGETED_DEVICE_FAMILY = "1,2";
				TEST_TARGET_NAME = masterdata;
			};
			name = Debug;
		};
		8A3BD23F2748983400F92C2C /* Release */ = {
			isa = XCBuildConfiguration;
			buildSettings = {
				ALWAYS_EMBED_SWIFT_STANDARD_LIBRARIES = YES;
				CODE_SIGN_STYLE = Automatic;
				DEVELOPMENT_TEAM = 63X5QBAPTE;
				INFOPLIST_FILE = masterdataUITests/Info.plist;
				LD_RUNPATH_SEARCH_PATHS = (
					"$(inherited)",
					"@executable_path/Frameworks",
					"@loader_path/Frameworks",
				);
				PRODUCT_BUNDLE_IDENTIFIER = com.tomas.masterdataUITests;
				PRODUCT_NAME = "$(TARGET_NAME)";
				SWIFT_VERSION = 5.0;
				TARGETED_DEVICE_FAMILY = "1,2";
				TEST_TARGET_NAME = masterdata;
			};
			name = Release;
		};
/* End XCBuildConfiguration section */

/* Begin XCConfigurationList section */
		8A3BD2082748983200F92C2C /* Build configuration list for PBXProject "masterdata" */ = {
			isa = XCConfigurationList;
			buildConfigurations = (
				8A3BD2352748983400F92C2C /* Debug */,
				8A3BD2362748983400F92C2C /* Release */,
			);
			defaultConfigurationIsVisible = 0;
			defaultConfigurationName = Release;
		};
		8A3BD2372748983400F92C2C /* Build configuration list for PBXNativeTarget "masterdata" */ = {
			isa = XCConfigurationList;
			buildConfigurations = (
				8A3BD2382748983400F92C2C /* Debug */,
				8A3BD2392748983400F92C2C /* Release */,
			);
			defaultConfigurationIsVisible = 0;
			defaultConfigurationName = Release;
		};
		8A3BD23A2748983400F92C2C /* Build configuration list for PBXNativeTarget "masterdataTests" */ = {
			isa = XCConfigurationList;
			buildConfigurations = (
				8A3BD23B2748983400F92C2C /* Debug */,
				8A3BD23C2748983400F92C2C /* Release */,
			);
			defaultConfigurationIsVisible = 0;
			defaultConfigurationName = Release;
		};
		8A3BD23D2748983400F92C2C /* Build configuration list for PBXNativeTarget "masterdataUITests" */ = {
			isa = XCConfigurationList;
			buildConfigurations = (
				8A3BD23E2748983400F92C2C /* Debug */,
				8A3BD23F2748983400F92C2C /* Release */,
			);
			defaultConfigurationIsVisible = 0;
			defaultConfigurationName = Release;
		};
/* End XCConfigurationList section */
	};
	rootObject = 8A3BD2052748983200F92C2C /* Project object */;
}
